
Microsoft Visual Studio Solution File, Format Version 12.00
# Visual Studio for Mac
Project("{FAE04EC0-301F-11D3-BF4B-00C04F79EFBC}") = "ShokupanGirl", "ShokupanGirl.csproj", "{77B7EE5F-A092-DC6D-F2F7-32B061110F25}"
EndProject
Global
	GlobalSection(SolutionConfigurationPlatforms) = preSolution
		Debug|Any CPU = Debug|Any CPU
		Release|Any CPU = Release|Any CPU
	EndGlobalSection
	GlobalSection(ProjectConfigurationPlatforms) = postSolution
		{77B7EE5F-A092-DC6D-F2F7-32B061110F25}.Debug|Any CPU.ActiveCfg = Debug|Any CPU
		{77B7EE5F-A092-DC6D-F2F7-32B061110F25}.Debug|Any CPU.Build.0 = Debug|Any CPU
		{77B7EE5F-A092-DC6D-F2F7-32B061110F25}.Release|Any CPU.ActiveCfg = Release|Any CPU
		{77B7EE5F-A092-DC6D-F2F7-32B061110F25}.Release|Any CPU.Build.0 = Release|Any CPU
	EndGlobalSection
	GlobalSection(SolutionProperties) = preSolution
		HideSolutionNode = FALSE
	EndGlobalSection
EndGlobal
